
Microsoft Visual Studio Solution File, Format Version 12.00
# Visual Studio 2013
VisualStudioVersion = 12.0.40629.0
MinimumVisualStudioVersion = 10.0.40219.1
Project("{FAE04EC0-301F-11D3-BF4B-00C04F79EFBC}") = "School", "School\School.csproj", "{028FF90B-0D93-4C30-943C-216BBAC05012}"
EndProject
Project("{FAE04EC0-301F-11D3-BF4B-00C04F79EFBC}") = "School.Tests", "School.Tests\School.Tests.csproj", "{45FFE66A-0CDB-418E-8247-135F5AA2C4B5}"
EndProject
Project("{FAE04EC0-301F-11D3-BF4B-00C04F79EFBC}") = "Santase.Logic", "..\..\..\..\..\..\..\..\..\..\temp\SantaseGameEngine\Source\Santase.Logic\Santase.Logic.csproj", "{76FD6AC0-6F00-4F92-8857-876E60AA9FE6}"
EndProject
Project("{FAE04EC0-301F-11D3-BF4B-00C04F79EFBC}") = "Santase.ConsoleUI", "..\..\..\..\..\..\..\..\..\..\temp\SantaseGameEngine\Source\Santase.ConsoleUI\Santase.ConsoleUI.csproj", "{D955B803-9058-49A4-B97C-6C13B01B4C70}"
EndProject
Project("{FAE04EC0-301F-11D3-BF4B-00C04F79EFBC}") = "Santase.Logic.Tests", "Santase.Logic.Tests\Santase.Logic.Tests.csproj", "{06396C11-865C-4A8A-8989-76CCE3D8724D}"
EndProject
Global
	GlobalSection(SolutionConfigurationPlatforms) = preSolution
		Debug|Any CPU = Debug|Any CPU
		Release|Any CPU = Release|Any CPU
	EndGlobalSection
	GlobalSection(ProjectConfigurationPlatforms) = postSolution
		{028FF90B-0D93-4C30-943C-216BBAC05012}.Debug|Any CPU.ActiveCfg = Debug|Any CPU
		{028FF90B-0D93-4C30-943C-216BBAC05012}.Debug|Any CPU.Build.0 = Debug|Any CPU
		{028FF90B-0D93-4C30-943C-216BBAC05012}.Release|Any CPU.ActiveCfg = Release|Any CPU
		{028FF90B-0D93-4C30-943C-216BBAC05012}.Release|Any CPU.Build.0 = Release|Any CPU
		{45FFE66A-0CDB-418E-8247-135F5AA2C4B5}.Debug|Any CPU.ActiveCfg = Debug|Any CPU
		{45FFE66A-0CDB-418E-8247-135F5AA2C4B5}.Debug|Any CPU.Build.0 = Debug|Any CPU
		{45FFE66A-0CDB-418E-8247-135F5AA2C4B5}.Release|Any CPU.ActiveCfg = Release|Any CPU
		{45FFE66A-0CDB-418E-8247-135F5AA2C4B5}.Release|Any CPU.Build.0 = Release|Any CPU
		{76FD6AC0-6F00-4F92-8857-876E60AA9FE6}.Debug|Any CPU.ActiveCfg = Debug|Any CPU
		{76FD6AC0-6F00-4F92-8857-876E60AA9FE6}.Debug|Any CPU.Build.0 = Debug|Any CPU
		{76FD6AC0-6F00-4F92-8857-876E60AA9FE6}.Release|Any CPU.ActiveCfg = Release|Any CPU
		{76FD6AC0-6F00-4F92-8857-876E60AA9FE6}.Release|Any CPU.Build.0 = Release|Any CPU
		{D955B803-9058-49A4-B97C-6C13B01B4C70}.Debug|Any CPU.ActiveCfg = Debug|Any CPU
		{D955B803-9058-49A4-B97C-6C13B01B4C70}.Debug|Any CPU.Build.0 = Debug|Any CPU
		{D955B803-9058-49A4-B97C-6C13B01B4C70}.Release|Any CPU.ActiveCfg = Release|Any CPU
		{D955B803-9058-49A4-B97C-6C13B01B4C70}.Release|Any CPU.Build.0 = Release|Any CPU
		{06396C11-865C-4A8A-8989-76CCE3D8724D}.Debug|Any CPU.ActiveCfg = Debug|Any CPU
		{06396C11-865C-4A8A-8989-76CCE3D8724D}.Debug|Any CPU.Build.0 = Debug|Any CPU
		{06396C11-865C-4A8A-8989-76CCE3D8724D}.Release|Any CPU.ActiveCfg = Release|Any CPU
		{06396C11-865C-4A8A-8989-76CCE3D8724D}.Release|Any CPU.Build.0 = Release|Any CPU
	EndGlobalSection
	GlobalSection(SolutionProperties) = preSolution
		HideSolutionNode = FALSE
	EndGlobalSection
EndGlobal
