Microsoft Visual Studio Solution File, Format Version 8.00
Project("{6989167D-11E4-40FE-8C1A-2192A86A7E90}") = "Generic", "Generic.vfproj", "{AA6CECA5-047E-40C9-BC0A-5CE81C00C69A}"
	ProjectSection(ProjectDependencies) = postProject
	EndProjectSection
EndProject
Global
	GlobalSection(SolutionConfiguration) = preSolution
		Debug = Debug
		Release = Release
	EndGlobalSection
	GlobalSection(ProjectConfiguration) = postSolution
		{AA6CECA5-047E-40C9-BC0A-5CE81C00C69A}.Debug.ActiveCfg = Debug|Win32
		{AA6CECA5-047E-40C9-BC0A-5CE81C00C69A}.Debug.Build.0 = Debug|Win32
		{AA6CECA5-047E-40C9-BC0A-5CE81C00C69A}.Release.ActiveCfg = Release|Win32
		{AA6CECA5-047E-40C9-BC0A-5CE81C00C69A}.Release.Build.0 = Release|Win32
	EndGlobalSection
	GlobalSection(ExtensibilityGlobals) = postSolution
	EndGlobalSection
	GlobalSection(ExtensibilityAddIns) = postSolution
	EndGlobalSection
EndGlobal
