
Microsoft Visual Studio Solution File, Format Version 9.00
# Visual Studio 2005
Project("{6989167D-11E4-40FE-8C1A-2192A86A7E90}") = "optimize", "optimize.vfproj", "{C6B0F4A3-9E10-40AE-8B84-E34DE68705EA}"
EndProject
Global
	GlobalSection(SolutionConfigurationPlatforms) = preSolution
		Debug|Win32 = Debug|Win32
		Release|Win32 = Release|Win32
	EndGlobalSection
	GlobalSection(ProjectConfigurationPlatforms) = postSolution
		{C6B0F4A3-9E10-40AE-8B84-E34DE68705EA}.Debug|Win32.ActiveCfg = Debug|Win32
		{C6B0F4A3-9E10-40AE-8B84-E34DE68705EA}.Debug|Win32.Build.0 = Debug|Win32
		{C6B0F4A3-9E10-40AE-8B84-E34DE68705EA}.Release|Win32.ActiveCfg = Release|Win32
		{C6B0F4A3-9E10-40AE-8B84-E34DE68705EA}.Release|Win32.Build.0 = Release|Win32
	EndGlobalSection
	GlobalSection(SolutionProperties) = preSolution
		HideSolutionNode = FALSE
	EndGlobalSection
EndGlobal
