
Microsoft Visual Studio Solution File, Format Version 12.00
# Visual Studio 14
VisualStudioVersion = 14.0.24720.0
MinimumVisualStudioVersion = 10.0.40219.1
Project("{F2A71F9B-5D33-465A-A702-920D77279786}") = "FSharpSamples", "FSharpSamples\FSharpSamples.fsproj", "{03B971E9-B5B1-4A26-B078-2C2EBC92A827}"
EndProject
Project("{F2A71F9B-5D33-465A-A702-920D77279786}") = "FSharpSampleConsoleApp", "FSharpSampleConsoleApp\FSharpSampleConsoleApp.fsproj", "{6A8F2D9D-1A5C-4B4E-86E3-96E63894C330}"
EndProject
Project("{FAE04EC0-301F-11D3-BF4B-00C04F79EFBC}") = "ConsoleApplication", "ConsoleApplication\ConsoleApplication.csproj", "{61F80DF2-3254-4F5E-A2BD-0A9963F4C899}"
EndProject
Project("{F2A71F9B-5D33-465A-A702-920D77279786}") = "FSharpCheatsheet", "FSharpCheatsheet\FSharpCheatsheet.fsproj", "{C6378F38-961C-4B35-A910-EDDC92590F82}"
EndProject
Global
	GlobalSection(SolutionConfigurationPlatforms) = preSolution
		Debug|Any CPU = Debug|Any CPU
		Release|Any CPU = Release|Any CPU
	EndGlobalSection
	GlobalSection(ProjectConfigurationPlatforms) = postSolution
		{03B971E9-B5B1-4A26-B078-2C2EBC92A827}.Debug|Any CPU.ActiveCfg = Debug|Any CPU
		{03B971E9-B5B1-4A26-B078-2C2EBC92A827}.Debug|Any CPU.Build.0 = Debug|Any CPU
		{03B971E9-B5B1-4A26-B078-2C2EBC92A827}.Release|Any CPU.ActiveCfg = Release|Any CPU
		{03B971E9-B5B1-4A26-B078-2C2EBC92A827}.Release|Any CPU.Build.0 = Release|Any CPU
		{6A8F2D9D-1A5C-4B4E-86E3-96E63894C330}.Debug|Any CPU.ActiveCfg = Debug|Any CPU
		{6A8F2D9D-1A5C-4B4E-86E3-96E63894C330}.Debug|Any CPU.Build.0 = Debug|Any CPU
		{6A8F2D9D-1A5C-4B4E-86E3-96E63894C330}.Release|Any CPU.ActiveCfg = Release|Any CPU
		{6A8F2D9D-1A5C-4B4E-86E3-96E63894C330}.Release|Any CPU.Build.0 = Release|Any CPU
		{61F80DF2-3254-4F5E-A2BD-0A9963F4C899}.Debug|Any CPU.ActiveCfg = Debug|Any CPU
		{61F80DF2-3254-4F5E-A2BD-0A9963F4C899}.Debug|Any CPU.Build.0 = Debug|Any CPU
		{61F80DF2-3254-4F5E-A2BD-0A9963F4C899}.Release|Any CPU.ActiveCfg = Release|Any CPU
		{61F80DF2-3254-4F5E-A2BD-0A9963F4C899}.Release|Any CPU.Build.0 = Release|Any CPU
		{C6378F38-961C-4B35-A910-EDDC92590F82}.Debug|Any CPU.ActiveCfg = Debug|Any CPU
		{C6378F38-961C-4B35-A910-EDDC92590F82}.Debug|Any CPU.Build.0 = Debug|Any CPU
		{C6378F38-961C-4B35-A910-EDDC92590F82}.Release|Any CPU.ActiveCfg = Release|Any CPU
		{C6378F38-961C-4B35-A910-EDDC92590F82}.Release|Any CPU.Build.0 = Release|Any CPU
	EndGlobalSection
	GlobalSection(SolutionProperties) = preSolution
		HideSolutionNode = FALSE
	EndGlobalSection
EndGlobal
