
Microsoft Visual Studio Solution File, Format Version 10.00
# Visual Studio 2008
Project("{FAE04EC0-301F-11D3-BF4B-00C04F79EFBC}") = "PenTagger", "PenTagger\PenTagger.csproj", "{BAC68DDF-8DF8-484F-8B9B-2662755DABBE}"
EndProject
Global
	GlobalSection(SolutionConfigurationPlatforms) = preSolution
		Release|Any CPU = Release|Any CPU
	EndGlobalSection
	GlobalSection(ProjectConfigurationPlatforms) = postSolution
		{BAC68DDF-8DF8-484F-8B9B-2662755DABBE}.Release|Any CPU.ActiveCfg = Release|Any CPU
		{BAC68DDF-8DF8-484F-8B9B-2662755DABBE}.Release|Any CPU.Build.0 = Release|Any CPU
	EndGlobalSection
	GlobalSection(MonoDevelopProperties) = preSolution
		StartupItem = PenTagger\PenTagger.csproj
	EndGlobalSection
	GlobalSection(SolutionProperties) = preSolution
		HideSolutionNode = FALSE
	EndGlobalSection
EndGlobal
