
Microsoft Visual Studio Solution File, Format Version 12.00
# Visual Studio 14
VisualStudioVersion = 14.0.25420.1
MinimumVisualStudioVersion = 10.0.40219.1
Project("{FAE04EC0-301F-11D3-BF4B-00C04F79EFBC}") = "HtmlGenericControlsDemo", "HtmlGenericControlsDemo\HtmlGenericControlsDemo.csproj", "{94CF5C8F-2448-42A4-8B69-E7ACA0D449C6}"
EndProject
Project("{FAE04EC0-301F-11D3-BF4B-00C04F79EFBC}") = "WebServerControlsDemo", "WebServerControlsDemo\WebServerControlsDemo.csproj", "{0B80B68B-D97A-4D67-B0DA-07D152E9D04F}"
EndProject
Global
	GlobalSection(SolutionConfigurationPlatforms) = preSolution
		Debug|Any CPU = Debug|Any CPU
		Release|Any CPU = Release|Any CPU
	EndGlobalSection
	GlobalSection(ProjectConfigurationPlatforms) = postSolution
		{94CF5C8F-2448-42A4-8B69-E7ACA0D449C6}.Debug|Any CPU.ActiveCfg = Debug|Any CPU
		{94CF5C8F-2448-42A4-8B69-E7ACA0D449C6}.Debug|Any CPU.Build.0 = Debug|Any CPU
		{94CF5C8F-2448-42A4-8B69-E7ACA0D449C6}.Release|Any CPU.ActiveCfg = Release|Any CPU
		{94CF5C8F-2448-42A4-8B69-E7ACA0D449C6}.Release|Any CPU.Build.0 = Release|Any CPU
		{0B80B68B-D97A-4D67-B0DA-07D152E9D04F}.Debug|Any CPU.ActiveCfg = Debug|Any CPU
		{0B80B68B-D97A-4D67-B0DA-07D152E9D04F}.Debug|Any CPU.Build.0 = Debug|Any CPU
		{0B80B68B-D97A-4D67-B0DA-07D152E9D04F}.Release|Any CPU.ActiveCfg = Release|Any CPU
		{0B80B68B-D97A-4D67-B0DA-07D152E9D04F}.Release|Any CPU.Build.0 = Release|Any CPU
	EndGlobalSection
	GlobalSection(SolutionProperties) = preSolution
		HideSolutionNode = FALSE
	EndGlobalSection
EndGlobal
