Microsoft Visual Studio Solution File, Format Version 8.00
Project("{6989167D-11E4-40FE-8C1A-2192A86A7E90}") = "NQueens-Serial", "NQueens-Serial\NQueens-Serial.vfproj", "{C9D37344-BDDF-4191-AD56-993810CABF91}"
	ProjectSection(ProjectDependencies) = postProject
	EndProjectSection
EndProject
Project("{6989167D-11E4-40FE-8C1A-2192A86A7E90}") = "NQueens-OpenMP", "NQueens-OpenMP\NQueens-OpenMP.vfproj", "{93F772AC-333E-4FD7-BABB-75302E73D49F}"
	ProjectSection(ProjectDependencies) = postProject
	EndProjectSection
EndProject
Project("{6989167D-11E4-40FE-8C1A-2192A86A7E90}") = "NQueens-BtTree", "NQueens-BtTree\NQueens-BtTree.vfproj", "{4E8D495E-69A7-4087-9020-2F14C7ACB414}"
	ProjectSection(ProjectDependencies) = postProject
	EndProjectSection
EndProject
Global
	GlobalSection(SolutionConfiguration) = preSolution
		Debug = Debug
		Release = Release
	EndGlobalSection
	GlobalSection(ProjectDependencies) = postSolution
	EndGlobalSection
	GlobalSection(ProjectConfiguration) = postSolution
		{C9D37344-BDDF-4191-AD56-993810CABF91}.Debug.ActiveCfg = Debug|Win32
		{C9D37344-BDDF-4191-AD56-993810CABF91}.Debug.Build.0 = Debug|Win32
		{C9D37344-BDDF-4191-AD56-993810CABF91}.Release.ActiveCfg = Release|Win32
		{C9D37344-BDDF-4191-AD56-993810CABF91}.Release.Build.0 = Release|Win32
		{93F772AC-333E-4FD7-BABB-75302E73D49F}.Debug.ActiveCfg = Debug|Win32
		{93F772AC-333E-4FD7-BABB-75302E73D49F}.Debug.Build.0 = Debug|Win32
		{93F772AC-333E-4FD7-BABB-75302E73D49F}.Release.ActiveCfg = Release|Win32
		{93F772AC-333E-4FD7-BABB-75302E73D49F}.Release.Build.0 = Release|Win32
		{4E8D495E-69A7-4087-9020-2F14C7ACB414}.Debug.ActiveCfg = Debug|Win32
		{4E8D495E-69A7-4087-9020-2F14C7ACB414}.Debug.Build.0 = Debug|Win32
		{4E8D495E-69A7-4087-9020-2F14C7ACB414}.Release.ActiveCfg = Release|Win32
		{4E8D495E-69A7-4087-9020-2F14C7ACB414}.Release.Build.0 = Release|Win32
	EndGlobalSection
	GlobalSection(ExtensibilityGlobals) = postSolution
	EndGlobalSection
	GlobalSection(ExtensibilityAddIns) = postSolution
	EndGlobalSection
EndGlobal
